PODS:
  - FBAudienceNetwork (6.16.0)
  - FBSDKCoreKit (8.0.0):
    - FBSDKCoreKit/Basics (= 8.0.0)
    - FBSDKCoreKit/Core (= 8.0.0)
  - FBSDKCoreKit/Basics (8.0.0)
  - FBSDKCoreKit/Core (8.0.0):
    - FBSDKCoreKit/Basics
  - FBSDKGamingServicesKit (8.0.0):
    - FBSDKShareKit (~> 8.0.0)
  - FBSDKLoginKit (8.0.0):
    - FBSDKLoginKit/Login (= 8.0.0)
  - FBSDKLoginKit/Login (8.0.0):
    - FBSDKCoreKit (~> 8.0.0)
  - FBSDKShareKit (8.0.0):
    - FBSDKShareKit/Share (= 8.0.0)
  - FBSDKShareKit/Share (8.0.0):
    - FBSDKCoreKit (~> 8.0.0)
  - Flutter (1.0.0)
  - flutter_meta_sdk (1.0.0):
    - FBAudienceNetwork
    - FBSDKCoreKit
    - Flutter

DEPENDENCIES:
  - FBSDKCoreKit (~> 8.0.0)
  - FBSDKGamingServicesKit (~> 8.0.0)
  - FBSDKLoginKit (~> 8.0.0)
  - FBSDKShareKit (~> 8.0.0)
  - Flutter (from `Flutter`)
  - flutter_meta_sdk (from `.symlinks/plugins/flutter_meta_sdk/ios`)

SPEC REPOS:
  trunk:
    - FBAudienceNetwork
    - FBSDKCoreKit
    - FBSDKGamingServicesKit
    - FBSDKLoginKit
    - FBSDKShareKit

EXTERNAL SOURCES:
  Flutter:
    :path: Flutter
  flutter_meta_sdk:
    :path: ".symlinks/plugins/flutter_meta_sdk/ios"

SPEC CHECKSUMS:
  FBAudienceNetwork: d1670939884e3a2e0ad98dca98d7e0c841417228
  FBSDKCoreKit: 9d27fe97a2fa2abe5eeefea8240e837623ab88e0
  FBSDKGamingServicesKit: 17d39d1e8e2def31d9d1cea1cfee2c1c5df7038a
  FBSDKLoginKit: 2cbaf5405379731b22f2ebc224f7c30f62378171
  FBSDKShareKit: bf3705fc42b660c3da9f15223db791b3c9c2acde
  Flutter: e0871f40cf51350855a761d2e70bf5af5b9b5de7
  flutter_meta_sdk: f678e258d0ecb44eebc07caa0fc2272eef931f45

PODFILE CHECKSUM: 9bc2b663cea6f54f792dfb3f3d065d7f2c2c3729

COCOAPODS: 1.16.2
